
Microsoft Visual Studio Solution File, Format Version 12.00
# Visual Studio Version 17
VisualStudioVersion = 17.0.31903.59
MinimumVisualStudioVersion = 10.0.40219.1
Project("{FAE04EC0-301F-11D3-BF4B-00C04F79EFBC}") = "BookHouseStore", "BookHouseStore\BookHouseStore.csproj", "{9DD886DE-7DA9-4B34-8F0F-58282A4558AE}"
EndProject
Project("{FAE04EC0-301F-11D3-BF4B-00C04F79EFBC}") = "BookHouseStoreDb", "BookHouseStoreDb\BookHouseStoreDb.csproj", "{FF6245B8-61B7-47AF-9D8F-FE7E2D064FD3}"
EndProject
Project("{FAE04EC0-301F-11D3-BF4B-00C04F79EFBC}") = "abc", "..\abc\abc.csproj", "{DF3E2162-61A0-4A3F-906F-7EE55E3FE4E0}"
EndProject
Global
	GlobalSection(SolutionConfigurationPlatforms) = preSolution
		Debug|Any CPU = Debug|Any CPU
		Release|Any CPU = Release|Any CPU
	EndGlobalSection
	GlobalSection(SolutionProperties) = preSolution
		HideSolutionNode = FALSE
	EndGlobalSection
	GlobalSection(ProjectConfigurationPlatforms) = postSolution
		{9DD886DE-7DA9-4B34-8F0F-58282A4558AE}.Debug|Any CPU.ActiveCfg = Debug|Any CPU
		{9DD886DE-7DA9-4B34-8F0F-58282A4558AE}.Debug|Any CPU.Build.0 = Debug|Any CPU
		{9DD886DE-7DA9-4B34-8F0F-58282A4558AE}.Release|Any CPU.ActiveCfg = Release|Any CPU
		{9DD886DE-7DA9-4B34-8F0F-58282A4558AE}.Release|Any CPU.Build.0 = Release|Any CPU
		{FF6245B8-61B7-47AF-9D8F-FE7E2D064FD3}.Debug|Any CPU.ActiveCfg = Debug|Any CPU
		{FF6245B8-61B7-47AF-9D8F-FE7E2D064FD3}.Debug|Any CPU.Build.0 = Debug|Any CPU
		{FF6245B8-61B7-47AF-9D8F-FE7E2D064FD3}.Release|Any CPU.ActiveCfg = Release|Any CPU
		{FF6245B8-61B7-47AF-9D8F-FE7E2D064FD3}.Release|Any CPU.Build.0 = Release|Any CPU
		{DF3E2162-61A0-4A3F-906F-7EE55E3FE4E0}.Debug|Any CPU.ActiveCfg = Debug|Any CPU
		{DF3E2162-61A0-4A3F-906F-7EE55E3FE4E0}.Debug|Any CPU.Build.0 = Debug|Any CPU
		{DF3E2162-61A0-4A3F-906F-7EE55E3FE4E0}.Release|Any CPU.ActiveCfg = Release|Any CPU
		{DF3E2162-61A0-4A3F-906F-7EE55E3FE4E0}.Release|Any CPU.Build.0 = Release|Any CPU
	EndGlobalSection
EndGlobal
